{
    "name": "desmos-car",
    "lockfileVersion": 2,
    "requires": true,
    "packages": {
        "": {
            "dependencies": {
                "desmoscript": "file:../../desmoscript",
                "typescript": "^4.8.4"
            }
        },
        "../../desmoscript": {
            "version": "0.1.11",
            "dependencies": {
                "@types/node": "^18.7.16",
                "antlr4": "^4.10.1",
                "antlr4ts": "^0.5.0-alpha.4",
                "chokidar": "^3.5.3",
                "typescript": "^4.8.3",
                "zod": "^3.19.0"
            },
            "devDependencies": {
                "@types/antlr4": "^4.7.2",
                "antlr4ts-cli": "^0.5.0-alpha.4"
            }
        },
        "node_modules/desmoscript": {
            "resolved": "../../desmoscript",
            "link": true
        },
        "node_modules/typescript": {
            "version": "4.8.4",
            "resolved": "https://registry.npmjs.org/typescript/-/typescript-4.8.4.tgz",
            "integrity": "sha512-QCh+85mCy+h0IGff8r5XWzOVSbBO+KfeYrMQh7NJ58QujwcE22u+NUSmUxqF+un70P9GXKxa2HCNiTTMJknyjQ==",
            "bin": {
                "tsc": "bin/tsc",
                "tsserver": "bin/tsserver"
            },
            "engines": {
                "node": ">=4.2.0"
            }
        }
    },
    "dependencies": {
        "desmoscript": {
            "version": "file:../../desmoscript",
            "requires": {
                "@types/antlr4": "^4.7.2",
                "@types/node": "^18.7.16",
                "antlr4": "^4.10.1",
                "antlr4ts": "^0.5.0-alpha.4",
                "antlr4ts-cli": "^0.5.0-alpha.4",
                "chokidar": "^3.5.3",
                "typescript": "^4.8.3",
                "zod": "^3.19.0"
            }
        },
        "typescript": {
            "version": "4.8.4",
            "resolved": "https://registry.npmjs.org/typescript/-/typescript-4.8.4.tgz",
            "integrity": "sha512-QCh+85mCy+h0IGff8r5XWzOVSbBO+KfeYrMQh7NJ58QujwcE22u+NUSmUxqF+un70P9GXKxa2HCNiTTMJknyjQ=="
        }
    }
}
