{
    "name": "testing",
    "lockfileVersion": 2,
    "requires": true,
    "packages": {
        "": {
            "dependencies": {
                "desmoscript": "file:../desmoscript"
            }
        },
        "../desmoscript": {
            "version": "0.1.1",
            "dependencies": {
                "@types/node": "^18.7.16",
                "antlr4": "^4.10.1",
                "antlr4ts": "^0.5.0-alpha.4",
                "typescript": "^4.8.3",
                "zod": "^3.19.0"
            },
            "devDependencies": {
                "@types/antlr4": "^4.7.2",
                "antlr4ts-cli": "^0.5.0-alpha.4"
            }
        },
        "node_modules/desmoscript": {
            "resolved": "../desmoscript",
            "link": true
        }
    },
    "dependencies": {
        "desmoscript": {
            "version": "file:../desmoscript",
            "requires": {
                "@types/antlr4": "^4.7.2",
                "@types/node": "^18.7.16",
                "antlr4": "^4.10.1",
                "antlr4ts": "^0.5.0-alpha.4",
                "antlr4ts-cli": "^0.5.0-alpha.4",
                "typescript": "^4.8.3",
                "zod": "^3.19.0"
            }
        }
    }
}
