{
  "name": "desmoscript",
  "version": "0.1.1",
  "lockfileVersion": 2,
  "requires": true,
  "packages": {
    "": {
      "name": "desmoscript",
      "version": "0.1.1",
      "dependencies": {
        "@types/node": "^18.7.16",
        "antlr4": "^4.10.1",
        "antlr4ts": "^0.5.0-alpha.4",
        "typescript": "^4.8.3",
        "zod": "^3.19.0"
      },
      "devDependencies": {
        "@types/antlr4": "^4.7.2",
        "antlr4ts-cli": "^0.5.0-alpha.4"
      }
    },
    "node_modules/@types/antlr4": {
      "version": "4.7.2",
      "resolved": "https://registry.npmjs.org/@types/antlr4/-/antlr4-4.7.2.tgz",
      "integrity": "sha512-v6NASzZa4pUgO2QJJqGHTRRBfZDTOk2savuugSfCLatRTd2q+UtW0I7ub9mjzERhm7aWqGxBi886HnJkLYiIEA==",
      "dev": true
    },
    "node_modules/@types/node": {
      "version": "18.7.16",
      "resolved": "https://registry.npmjs.org/@types/node/-/node-18.7.16.tgz",
      "integrity": "sha512-EQHhixfu+mkqHMZl1R2Ovuvn47PUw18azMJOTwSZr9/fhzHNGXAJ0ma0dayRVchprpCj0Kc1K1xKoWaATWF1qg=="
    },
    "node_modules/antlr4": {
      "version": "4.10.1",
      "resolved": "https://registry.npmjs.org/antlr4/-/antlr4-4.10.1.tgz",
      "integrity": "sha512-fmxidcOwmktzHUD+tz8y/zKLI/NfVAB0+MOvnFUBzo8ToFnphK8JY88oOJeRdhnTrAhjtu45bvxddzbb8nMeIA==",
      "engines": {
        "node": ">=14"
      }
    },
    "node_modules/antlr4ts": {
      "version": "0.5.0-alpha.4",
      "resolved": "https://registry.npmjs.org/antlr4ts/-/antlr4ts-0.5.0-alpha.4.tgz",
      "integrity": "sha512-WPQDt1B74OfPv/IMS2ekXAKkTZIHl88uMetg6q3OTqgFxZ/dxDXI0EWLyZid/1Pe6hTftyg5N7gel5wNAGxXyQ=="
    },
    "node_modules/antlr4ts-cli": {
      "version": "0.5.0-alpha.4",
      "resolved": "https://registry.npmjs.org/antlr4ts-cli/-/antlr4ts-cli-0.5.0-alpha.4.tgz",
      "integrity": "sha512-lVPVBTA2CVHRYILSKilL6Jd4hAumhSZZWA7UbQNQrmaSSj7dPmmYaN4bOmZG79cOy0lS00i4LY68JZZjZMWVrw==",
      "dev": true,
      "bin": {
        "antlr4ts": "antlr4ts"
      }
    },
    "node_modules/typescript": {
      "version": "4.8.3",
      "resolved": "https://registry.npmjs.org/typescript/-/typescript-4.8.3.tgz",
      "integrity": "sha512-goMHfm00nWPa8UvR/CPSvykqf6dVV8x/dp0c5mFTMTIu0u0FlGWRioyy7Nn0PGAdHxpJZnuO/ut+PpQ8UiHAig==",
      "bin": {
        "tsc": "bin/tsc",
        "tsserver": "bin/tsserver"
      },
      "engines": {
        "node": ">=4.2.0"
      }
    },
    "node_modules/zod": {
      "version": "3.19.0",
      "resolved": "https://registry.npmjs.org/zod/-/zod-3.19.0.tgz",
      "integrity": "sha512-Yw0qvUsCNGBe5YacikdMt5gVYeUuaEFVDIHKMfElrGSaBhwR3CQK6vOzgfAJOjTdGIhEeoaj8GtT+NDZrepZbw==",
      "funding": {
        "url": "https://github.com/sponsors/colinhacks"
      }
    }
  },
  "dependencies": {
    "@types/antlr4": {
      "version": "4.7.2",
      "resolved": "https://registry.npmjs.org/@types/antlr4/-/antlr4-4.7.2.tgz",
      "integrity": "sha512-v6NASzZa4pUgO2QJJqGHTRRBfZDTOk2savuugSfCLatRTd2q+UtW0I7ub9mjzERhm7aWqGxBi886HnJkLYiIEA==",
      "dev": true
    },
    "@types/node": {
      "version": "18.7.16",
      "resolved": "https://registry.npmjs.org/@types/node/-/node-18.7.16.tgz",
      "integrity": "sha512-EQHhixfu+mkqHMZl1R2Ovuvn47PUw18azMJOTwSZr9/fhzHNGXAJ0ma0dayRVchprpCj0Kc1K1xKoWaATWF1qg=="
    },
    "antlr4": {
      "version": "4.10.1",
      "resolved": "https://registry.npmjs.org/antlr4/-/antlr4-4.10.1.tgz",
      "integrity": "sha512-fmxidcOwmktzHUD+tz8y/zKLI/NfVAB0+MOvnFUBzo8ToFnphK8JY88oOJeRdhnTrAhjtu45bvxddzbb8nMeIA=="
    },
    "antlr4ts": {
      "version": "0.5.0-alpha.4",
      "resolved": "https://registry.npmjs.org/antlr4ts/-/antlr4ts-0.5.0-alpha.4.tgz",
      "integrity": "sha512-WPQDt1B74OfPv/IMS2ekXAKkTZIHl88uMetg6q3OTqgFxZ/dxDXI0EWLyZid/1Pe6hTftyg5N7gel5wNAGxXyQ=="
    },
    "antlr4ts-cli": {
      "version": "0.5.0-alpha.4",
      "resolved": "https://registry.npmjs.org/antlr4ts-cli/-/antlr4ts-cli-0.5.0-alpha.4.tgz",
      "integrity": "sha512-lVPVBTA2CVHRYILSKilL6Jd4hAumhSZZWA7UbQNQrmaSSj7dPmmYaN4bOmZG79cOy0lS00i4LY68JZZjZMWVrw==",
      "dev": true
    },
    "typescript": {
      "version": "4.8.3",
      "resolved": "https://registry.npmjs.org/typescript/-/typescript-4.8.3.tgz",
      "integrity": "sha512-goMHfm00nWPa8UvR/CPSvykqf6dVV8x/dp0c5mFTMTIu0u0FlGWRioyy7Nn0PGAdHxpJZnuO/ut+PpQ8UiHAig=="
    },
    "zod": {
      "version": "3.19.0",
      "resolved": "https://registry.npmjs.org/zod/-/zod-3.19.0.tgz",
      "integrity": "sha512-Yw0qvUsCNGBe5YacikdMt5gVYeUuaEFVDIHKMfElrGSaBhwR3CQK6vOzgfAJOjTdGIhEeoaj8GtT+NDZrepZbw=="
    }
  }
}
