{
  "name": "desmoc",
  "lockfileVersion": 3,
  "requires": true,
  "packages": {
    "": {
      "name": "desmoc",
      "dependencies": {
        "chokidar": "^3.5.3",
        "desmoscript": "file:../desmoscript"
      },
      "devDependencies": {
        "esbuild": "^0.18.0"
      }
    },
    "node_modules/@esbuild/android-arm": {
      "version": "0.18.0",
      "resolved": "https://registry.npmjs.org/@esbuild/android-arm/-/android-arm-0.18.0.tgz",
      "integrity": "sha512-+uLHSiWK3qOeyDYCf/nuvIgCnQsYjXWNa3TlGYLW1pPG7OYMawllU+VyBgHQPjF2aIUVFpfrvz5aAfxGk/0qNg==",
      "cpu": [
        "arm"
      ],
      "dev": true,
      "optional": true,
      "os": [
        "android"
      ],
      "engines": {
        "node": ">=12"
      }
    },
    "node_modules/@esbuild/android-arm64": {
      "version": "0.18.0",
      "resolved": "https://registry.npmjs.org/@esbuild/android-arm64/-/android-arm64-0.18.0.tgz",
      "integrity": "sha512-nAwRCs5+jxi3gBMVkOqmRvsITB/UtfpvkbMwAwJUIbp66NnPbV2KGCFnjNn7IEqabJQXfBLe/QLdjCGpHU+yEw==",
      "cpu": [
        "arm64"
      ],
      "dev": true,
      "optional": true,
      "os": [
        "android"
      ],
      "engines": {
        "node": ">=12"
      }
    },
    "node_modules/@esbuild/android-x64": {
      "version": "0.18.0",
      "resolved": "https://registry.npmjs.org/@esbuild/android-x64/-/android-x64-0.18.0.tgz",
      "integrity": "sha512-TiOJmHQ8bXCGlYLpBd3Qy7N8dxi4n6q+nOmTzPr5Hb/bUr+PKuP4e5lWaOlpkaKc1Q9wsFt+sHfQpFCrM7SMow==",
      "cpu": [
        "x64"
      ],
      "dev": true,
      "optional": true,
      "os": [
        "android"
      ],
      "engines": {
        "node": ">=12"
      }
    },
    "node_modules/@esbuild/darwin-arm64": {
      "version": "0.18.0",
      "resolved": "https://registry.npmjs.org/@esbuild/darwin-arm64/-/darwin-arm64-0.18.0.tgz",
      "integrity": "sha512-5GsFovtGyjMIXJrcCzmI1hX3TneCrmFncFIlo0WrRvWcVU6H094P854ZaP8qoLgevXhggO2dhlEGYY0Zv6/S9Q==",
      "cpu": [
        "arm64"
      ],
      "dev": true,
      "optional": true,
      "os": [
        "darwin"
      ],
      "engines": {
        "node": ">=12"
      }
    },
    "node_modules/@esbuild/darwin-x64": {
      "version": "0.18.0",
      "resolved": "https://registry.npmjs.org/@esbuild/darwin-x64/-/darwin-x64-0.18.0.tgz",
      "integrity": "sha512-4K/QCksQ8F58rvC1D62Xi4q4E7YWpiyc3zy2H/n1W7y0hjQpOBBxciLn0qycMskP/m/I5h9HNbRlu1aK821sHg==",
      "cpu": [
        "x64"
      ],
      "dev": true,
      "optional": true,
      "os": [
        "darwin"
      ],
      "engines": {
        "node": ">=12"
      }
    },
    "node_modules/@esbuild/freebsd-arm64": {
      "version": "0.18.0",
      "resolved": "https://registry.npmjs.org/@esbuild/freebsd-arm64/-/freebsd-arm64-0.18.0.tgz",
      "integrity": "sha512-DMazN0UGzipD0Fi1O9pRX0xfp+JC3gSnFWxTWq88Dr/odWhZzm8Jqy44LN2veYeipb1fBMxhoEp7eCr902SWqg==",
      "cpu": [
        "arm64"
      ],
      "dev": true,
      "optional": true,
      "os": [
        "freebsd"
      ],
      "engines": {
        "node": ">=12"
      }
    },
    "node_modules/@esbuild/freebsd-x64": {
      "version": "0.18.0",
      "resolved": "https://registry.npmjs.org/@esbuild/freebsd-x64/-/freebsd-x64-0.18.0.tgz",
      "integrity": "sha512-GdkJAB3ZBiYnie9iFO9v/CM4ko0dm5SYkUs97lBKNLHw9mo4H9IXwGNKtUztisEsmUP0IWfEi4YTWOJF3DIO4w==",
      "cpu": [
        "x64"
      ],
      "dev": true,
      "optional": true,
      "os": [
        "freebsd"
      ],
      "engines": {
        "node": ">=12"
      }
    },
    "node_modules/@esbuild/linux-arm": {
      "version": "0.18.0",
      "resolved": "https://registry.npmjs.org/@esbuild/linux-arm/-/linux-arm-0.18.0.tgz",
      "integrity": "sha512-A3Ue/oZdb43znNpeY71FrAjZF20MtnBKCGb1vXLIVg5qg8rRM1gRgn6X2ixYwATiw5dE04JnP+aV4OBf8c5ZvQ==",
      "cpu": [
        "arm"
      ],
      "dev": true,
      "optional": true,
      "os": [
        "linux"
      ],
      "engines": {
        "node": ">=12"
      }
    },
    "node_modules/@esbuild/linux-arm64": {
      "version": "0.18.0",
      "resolved": "https://registry.npmjs.org/@esbuild/linux-arm64/-/linux-arm64-0.18.0.tgz",
      "integrity": "sha512-Mb3yCN9PXA6G5qf84UF0IEuXP22eyNlquF17Zs2F1vVBM0CtyWLYosC5JaxBxfK6EzWwB2IkPBIjMeK3ek+ItA==",
      "cpu": [
        "arm64"
      ],
      "dev": true,
      "optional": true,
      "os": [
        "linux"
      ],
      "engines": {
        "node": ">=12"
      }
    },
    "node_modules/@esbuild/linux-ia32": {
      "version": "0.18.0",
      "resolved": "https://registry.npmjs.org/@esbuild/linux-ia32/-/linux-ia32-0.18.0.tgz",
      "integrity": "sha512-WNDXgJdfDhN6ZxHU7HgR2BRDVx9iGN8SpmebUUGdENg4MZJndGcaQuf2kCJjMwoK0+es1g61TeJzAMxfgDcmcA==",
      "cpu": [
        "ia32"
      ],
      "dev": true,
      "optional": true,
      "os": [
        "linux"
      ],
      "engines": {
        "node": ">=12"
      }
    },
    "node_modules/@esbuild/linux-loong64": {
      "version": "0.18.0",
      "resolved": "https://registry.npmjs.org/@esbuild/linux-loong64/-/linux-loong64-0.18.0.tgz",
      "integrity": "sha512-PBr8Lf+L8amvheTGFVNK/0qionszkOKMq2WyfFlVz8D41v0+uSth6fYYHwtASkMk4xf+oh0vW8NYuav3/3RHuQ==",
      "cpu": [
        "loong64"
      ],
      "dev": true,
      "optional": true,
      "os": [
        "linux"
      ],
      "engines": {
        "node": ">=12"
      }
    },
    "node_modules/@esbuild/linux-mips64el": {
      "version": "0.18.0",
      "resolved": "https://registry.npmjs.org/@esbuild/linux-mips64el/-/linux-mips64el-0.18.0.tgz",
      "integrity": "sha512-Lg4ygah5bwfDDCOMFsBJjSVbD1UzNwWt4f7DhpaSIFOrJqoECX1VTByKw3iSDAVRlwl1cljlfy7wlysrRZcdiQ==",
      "cpu": [
        "mips64el"
      ],
      "dev": true,
      "optional": true,
      "os": [
        "linux"
      ],
      "engines": {
        "node": ">=12"
      }
    },
    "node_modules/@esbuild/linux-ppc64": {
      "version": "0.18.0",
      "resolved": "https://registry.npmjs.org/@esbuild/linux-ppc64/-/linux-ppc64-0.18.0.tgz",
      "integrity": "sha512-obz/firdtou244DIjHzdKmJChwGseqA3tWGa6xPMfuq54Ca4Pp1a4ANMrqy2IZ67rfpRHcJTlb2h3rSfW6tvAA==",
      "cpu": [
        "ppc64"
      ],
      "dev": true,
      "optional": true,
      "os": [
        "linux"
      ],
      "engines": {
        "node": ">=12"
      }
    },
    "node_modules/@esbuild/linux-riscv64": {
      "version": "0.18.0",
      "resolved": "https://registry.npmjs.org/@esbuild/linux-riscv64/-/linux-riscv64-0.18.0.tgz",
      "integrity": "sha512-UkuBdxQsxi39wWrRLMOkJl//82/hpQw79TD+OBLw3IBYyVQ4Wfvpe56RfEGK/j439sIm79ccnD5RUNQceHvZdQ==",
      "cpu": [
        "riscv64"
      ],
      "dev": true,
      "optional": true,
      "os": [
        "linux"
      ],
      "engines": {
        "node": ">=12"
      }
    },
    "node_modules/@esbuild/linux-s390x": {
      "version": "0.18.0",
      "resolved": "https://registry.npmjs.org/@esbuild/linux-s390x/-/linux-s390x-0.18.0.tgz",
      "integrity": "sha512-MgyuC30oYB465hyAqsb3EH6Y4zTeqqgixRAOpsDNMCelyDiW9ZDPXvMPfBgCZGJlDZFGKDm2I9ou8E3VI+v7pg==",
      "cpu": [
        "s390x"
      ],
      "dev": true,
      "optional": true,
      "os": [
        "linux"
      ],
      "engines": {
        "node": ">=12"
      }
    },
    "node_modules/@esbuild/linux-x64": {
      "version": "0.18.0",
      "resolved": "https://registry.npmjs.org/@esbuild/linux-x64/-/linux-x64-0.18.0.tgz",
      "integrity": "sha512-oLLKU3F4pKWAsNmfi7Rd4qkj0qvg1S923ZjlcISA2IMgHsODA9xzwerqWayI5nOhLGgKXviDofn9exTeA4EUQQ==",
      "cpu": [
        "x64"
      ],
      "dev": true,
      "optional": true,
      "os": [
        "linux"
      ],
      "engines": {
        "node": ">=12"
      }
    },
    "node_modules/@esbuild/netbsd-x64": {
      "version": "0.18.0",
      "resolved": "https://registry.npmjs.org/@esbuild/netbsd-x64/-/netbsd-x64-0.18.0.tgz",
      "integrity": "sha512-BEfJrZsZ/gMtpS2vC+2YoFGxmfLKiYQvj8lZrBfjKzQrwyMpH53CzQJj9ypOx9ldjM/MVxf9i9wi/rS4BWV7WA==",
      "cpu": [
        "x64"
      ],
      "dev": true,
      "optional": true,
      "os": [
        "netbsd"
      ],
      "engines": {
        "node": ">=12"
      }
    },
    "node_modules/@esbuild/openbsd-x64": {
      "version": "0.18.0",
      "resolved": "https://registry.npmjs.org/@esbuild/openbsd-x64/-/openbsd-x64-0.18.0.tgz",
      "integrity": "sha512-eDolHeG3REnEIgwl7Lw2S0znUMY4PFVtCAzLKqdRO0HD+iPKJR8n2MEJJyhPdUjcobo8SEQ2AG6gtYfft9VFHg==",
      "cpu": [
        "x64"
      ],
      "dev": true,
      "optional": true,
      "os": [
        "openbsd"
      ],
      "engines": {
        "node": ">=12"
      }
    },
    "node_modules/@esbuild/sunos-x64": {
      "version": "0.18.0",
      "resolved": "https://registry.npmjs.org/@esbuild/sunos-x64/-/sunos-x64-0.18.0.tgz",
      "integrity": "sha512-kl7vONem2wmRQke015rSrknmc6TYXKVNs2quiVTdvkSufscrjegpNqKyP7v6EHqXtvkzrB92ySjpfzazKG627g==",
      "cpu": [
        "x64"
      ],
      "dev": true,
      "optional": true,
      "os": [
        "sunos"
      ],
      "engines": {
        "node": ">=12"
      }
    },
    "node_modules/@esbuild/win32-arm64": {
      "version": "0.18.0",
      "resolved": "https://registry.npmjs.org/@esbuild/win32-arm64/-/win32-arm64-0.18.0.tgz",
      "integrity": "sha512-WohArFQ3HStBu9MAsx3JUk2wfC2v8QoadnMoNfx3Y26ac54tD/wQhPzw4QOzQbSqOFqzIMLKWbxindTsko+9OA==",
      "cpu": [
        "arm64"
      ],
      "dev": true,
      "optional": true,
      "os": [
        "win32"
      ],
      "engines": {
        "node": ">=12"
      }
    },
    "node_modules/@esbuild/win32-ia32": {
      "version": "0.18.0",
      "resolved": "https://registry.npmjs.org/@esbuild/win32-ia32/-/win32-ia32-0.18.0.tgz",
      "integrity": "sha512-SdnpSOxpeoewYCurmfLVepLuhOAphWkGTxWHifFjp37DaUHwF1fpGzyxhZoXMt5MKGuAO5aE3c5668YYtno+9Q==",
      "cpu": [
        "ia32"
      ],
      "dev": true,
      "optional": true,
      "os": [
        "win32"
      ],
      "engines": {
        "node": ">=12"
      }
    },
    "node_modules/@esbuild/win32-x64": {
      "version": "0.18.0",
      "resolved": "https://registry.npmjs.org/@esbuild/win32-x64/-/win32-x64-0.18.0.tgz",
      "integrity": "sha512-WJxImv0Pehpbo+pgg7Xrn88/b6ZzSweNHTw/2LW95JjeQUIS6ToJeQmjAdud9H3yiHJmhLOmEAOvUdNLhptD0w==",
      "cpu": [
        "x64"
      ],
      "dev": true,
      "optional": true,
      "os": [
        "win32"
      ],
      "engines": {
        "node": ">=12"
      }
    },
    "node_modules/anymatch": {
      "version": "3.1.3",
      "resolved": "https://registry.npmjs.org/anymatch/-/anymatch-3.1.3.tgz",
      "integrity": "sha512-KMReFUr0B4t+D+OBkjR3KYqvocp2XaSzO55UcB6mgQMd3KbcE+mWTyvVV7D/zsdEbNnV6acZUutkiHQXvTr1Rw==",
      "dependencies": {
        "normalize-path": "^3.0.0",
        "picomatch": "^2.0.4"
      },
      "engines": {
        "node": ">= 8"
      }
    },
    "node_modules/binary-extensions": {
      "version": "2.2.0",
      "resolved": "https://registry.npmjs.org/binary-extensions/-/binary-extensions-2.2.0.tgz",
      "integrity": "sha512-jDctJ/IVQbZoJykoeHbhXpOlNBqGNcwXJKJog42E5HDPUwQTSdjCHdihjj0DlnheQ7blbT6dHOafNAiS8ooQKA==",
      "engines": {
        "node": ">=8"
      }
    },
    "node_modules/braces": {
      "version": "3.0.2",
      "resolved": "https://registry.npmjs.org/braces/-/braces-3.0.2.tgz",
      "integrity": "sha512-b8um+L1RzM3WDSzvhm6gIz1yfTbBt6YTlcEKAvsmqCZZFw46z626lVj9j1yEPW33H5H+lBQpZMP1k8l+78Ha0A==",
      "dependencies": {
        "fill-range": "^7.0.1"
      },
      "engines": {
        "node": ">=8"
      }
    },
    "node_modules/chokidar": {
      "version": "3.5.3",
      "resolved": "https://registry.npmjs.org/chokidar/-/chokidar-3.5.3.tgz",
      "integrity": "sha512-Dr3sfKRP6oTcjf2JmUmFJfeVMvXBdegxB0iVQ5eb2V10uFJUCAS8OByZdVAyVb8xXNz3GjjTgj9kLWsZTqE6kw==",
      "funding": [
        {
          "type": "individual",
          "url": "https://paulmillr.com/funding/"
        }
      ],
      "dependencies": {
        "anymatch": "~3.1.2",
        "braces": "~3.0.2",
        "glob-parent": "~5.1.2",
        "is-binary-path": "~2.1.0",
        "is-glob": "~4.0.1",
        "normalize-path": "~3.0.0",
        "readdirp": "~3.6.0"
      },
      "engines": {
        "node": ">= 8.10.0"
      },
      "optionalDependencies": {
        "fsevents": "~2.3.2"
      }
    },
    "node_modules/desmoscript": {
      "version": "0.1.12",
      "resolved": "file:../desmoscript",
      "dependencies": {
        "chokidar": "^3.5.3",
        "zod": "3.20.2",
        "zod-validation-error": "^0.3.2"
      }
    },
    "node_modules/esbuild": {
      "version": "0.18.0",
      "resolved": "https://registry.npmjs.org/esbuild/-/esbuild-0.18.0.tgz",
      "integrity": "sha512-/2sQaWHNX2jkglLu85EjmEAR2ANpKOa1kp2rAE3wjKcuYjEHFlB+D60tn6W9BRgHiAQEKYtl4hEygKWothfDEA==",
      "dev": true,
      "hasInstallScript": true,
      "bin": {
        "esbuild": "bin/esbuild"
      },
      "engines": {
        "node": ">=12"
      },
      "optionalDependencies": {
        "@esbuild/android-arm": "0.18.0",
        "@esbuild/android-arm64": "0.18.0",
        "@esbuild/android-x64": "0.18.0",
        "@esbuild/darwin-arm64": "0.18.0",
        "@esbuild/darwin-x64": "0.18.0",
        "@esbuild/freebsd-arm64": "0.18.0",
        "@esbuild/freebsd-x64": "0.18.0",
        "@esbuild/linux-arm": "0.18.0",
        "@esbuild/linux-arm64": "0.18.0",
        "@esbuild/linux-ia32": "0.18.0",
        "@esbuild/linux-loong64": "0.18.0",
        "@esbuild/linux-mips64el": "0.18.0",
        "@esbuild/linux-ppc64": "0.18.0",
        "@esbuild/linux-riscv64": "0.18.0",
        "@esbuild/linux-s390x": "0.18.0",
        "@esbuild/linux-x64": "0.18.0",
        "@esbuild/netbsd-x64": "0.18.0",
        "@esbuild/openbsd-x64": "0.18.0",
        "@esbuild/sunos-x64": "0.18.0",
        "@esbuild/win32-arm64": "0.18.0",
        "@esbuild/win32-ia32": "0.18.0",
        "@esbuild/win32-x64": "0.18.0"
      }
    },
    "node_modules/fill-range": {
      "version": "7.0.1",
      "resolved": "https://registry.npmjs.org/fill-range/-/fill-range-7.0.1.tgz",
      "integrity": "sha512-qOo9F+dMUmC2Lcb4BbVvnKJxTPjCm+RRpe4gDuGrzkL7mEVl/djYSu2OdQ2Pa302N4oqkSg9ir6jaLWJ2USVpQ==",
      "dependencies": {
        "to-regex-range": "^5.0.1"
      },
      "engines": {
        "node": ">=8"
      }
    },
    "node_modules/fsevents": {
      "version": "2.3.2",
      "resolved": "https://registry.npmjs.org/fsevents/-/fsevents-2.3.2.tgz",
      "integrity": "sha512-xiqMQR4xAeHTuB9uWm+fFRcIOgKBMiOBP+eXiyT7jsgVCq1bkVygt00oASowB7EdtpOHaaPgKt812P9ab+DDKA==",
      "hasInstallScript": true,
      "optional": true,
      "os": [
        "darwin"
      ],
      "engines": {
        "node": "^8.16.0 || ^10.6.0 || >=11.0.0"
      }
    },
    "node_modules/glob-parent": {
      "version": "5.1.2",
      "resolved": "https://registry.npmjs.org/glob-parent/-/glob-parent-5.1.2.tgz",
      "integrity": "sha512-AOIgSQCepiJYwP3ARnGx+5VnTu2HBYdzbGP45eLw1vr3zB3vZLeyed1sC9hnbcOc9/SrMyM5RPQrkGz4aS9Zow==",
      "dependencies": {
        "is-glob": "^4.0.1"
      },
      "engines": {
        "node": ">= 6"
      }
    },
    "node_modules/is-binary-path": {
      "version": "2.1.0",
      "resolved": "https://registry.npmjs.org/is-binary-path/-/is-binary-path-2.1.0.tgz",
      "integrity": "sha512-ZMERYes6pDydyuGidse7OsHxtbI7WVeUEozgR/g7rd0xUimYNlvZRE/K2MgZTjWy725IfelLeVcEM97mmtRGXw==",
      "dependencies": {
        "binary-extensions": "^2.0.0"
      },
      "engines": {
        "node": ">=8"
      }
    },
    "node_modules/is-extglob": {
      "version": "2.1.1",
      "resolved": "https://registry.npmjs.org/is-extglob/-/is-extglob-2.1.1.tgz",
      "integrity": "sha512-SbKbANkN603Vi4jEZv49LeVJMn4yGwsbzZworEoyEiutsN3nJYdbO36zfhGJ6QEDpOZIFkDtnq5JRxmvl3jsoQ==",
      "engines": {
        "node": ">=0.10.0"
      }
    },
    "node_modules/is-glob": {
      "version": "4.0.3",
      "resolved": "https://registry.npmjs.org/is-glob/-/is-glob-4.0.3.tgz",
      "integrity": "sha512-xelSayHH36ZgE7ZWhli7pW34hNbNl8Ojv5KVmkJD4hBdD3th8Tfk9vYasLM+mXWOZhFkgZfxhLSnrwRr4elSSg==",
      "dependencies": {
        "is-extglob": "^2.1.1"
      },
      "engines": {
        "node": ">=0.10.0"
      }
    },
    "node_modules/is-number": {
      "version": "7.0.0",
      "resolved": "https://registry.npmjs.org/is-number/-/is-number-7.0.0.tgz",
      "integrity": "sha512-41Cifkg6e8TylSpdtTpeLVMqvSBEVzTttHvERD741+pnZ8ANv0004MRL43QKPDlK9cGvNp6NZWZUBlbGXYxxng==",
      "engines": {
        "node": ">=0.12.0"
      }
    },
    "node_modules/normalize-path": {
      "version": "3.0.0",
      "resolved": "https://registry.npmjs.org/normalize-path/-/normalize-path-3.0.0.tgz",
      "integrity": "sha512-6eZs5Ls3WtCisHWp9S2GUy8dqkpGi4BVSz3GaqiE6ezub0512ESztXUwUB6C6IKbQkY2Pnb/mD4WYojCRwcwLA==",
      "engines": {
        "node": ">=0.10.0"
      }
    },
    "node_modules/picomatch": {
      "version": "2.3.1",
      "resolved": "https://registry.npmjs.org/picomatch/-/picomatch-2.3.1.tgz",
      "integrity": "sha512-JU3teHTNjmE2VCGFzuY8EXzCDVwEqB2a8fsIvwaStHhAWJEeVd1o1QD80CU6+ZdEXXSLbSsuLwJjkCBWqRQUVA==",
      "engines": {
        "node": ">=8.6"
      },
      "funding": {
        "url": "https://github.com/sponsors/jonschlinkert"
      }
    },
    "node_modules/readdirp": {
      "version": "3.6.0",
      "resolved": "https://registry.npmjs.org/readdirp/-/readdirp-3.6.0.tgz",
      "integrity": "sha512-hOS089on8RduqdbhvQ5Z37A0ESjsqz6qnRcffsMU3495FuTdqSm+7bhJ29JvIOsBDEEnan5DPu9t3To9VRlMzA==",
      "dependencies": {
        "picomatch": "^2.2.1"
      },
      "engines": {
        "node": ">=8.10.0"
      }
    },
    "node_modules/to-regex-range": {
      "version": "5.0.1",
      "resolved": "https://registry.npmjs.org/to-regex-range/-/to-regex-range-5.0.1.tgz",
      "integrity": "sha512-65P7iz6X5yEr1cwcgvQxbbIw7Uk3gOy5dIdtZ4rDveLqhrdJP+Li/Hx6tyK0NEb+2GCyneCMJiGqrADCSNk8sQ==",
      "dependencies": {
        "is-number": "^7.0.0"
      },
      "engines": {
        "node": ">=8.0"
      }
    },
    "node_modules/zod": {
      "version": "3.20.2",
      "resolved": "https://registry.npmjs.org/zod/-/zod-3.20.2.tgz",
      "integrity": "sha512-1MzNQdAvO+54H+EaK5YpyEy0T+Ejo/7YLHS93G3RnYWh5gaotGHwGeN/ZO687qEDU2y4CdStQYXVHIgrUl5UVQ==",
      "funding": {
        "url": "https://github.com/sponsors/colinhacks"
      }
    },
    "node_modules/zod-validation-error": {
      "version": "0.3.2",
      "resolved": "https://registry.npmjs.org/zod-validation-error/-/zod-validation-error-0.3.2.tgz",
      "integrity": "sha512-pBXItXNDup6KF54fdnA+cmB/eEt65HlN5pmahfBTUhufWEnXs4ouU8lLXh01GoAksIR9K7iF7BxXxkKvct+r+A==",
      "engines": {
        "node": "^14.17 || >=16.0.0"
      },
      "peerDependencies": {
        "zod": "^3.18.0"
      }
    }
  }
}
